// !$*UTF8*$!
{
	archiveVersion = 1;
	classes = {
	};
	objectVersion = 77;
	objects = {

/* Begin PBXContainerItemProxy section */
		416EA0B02D24596F0012F377 /* PBXContainerItemProxy */ = {
			isa = PBXContainerItemProxy;
			containerPortal = 416EA0912D24596D0012F377 /* Project object */;
			proxyType = 1;
			remoteGlobalIDString = 416EA0982D24596D0012F377;
			remoteInfo = ArcaneCharacters;
		};
		416EA0BA2D24596F0012F377 /* PBXContainerItemProxy */ = {
			isa = PBXContainerItemProxy;
			containerPortal = 416EA0912D24596D0012F377 /* Project object */;
			proxyType = 1;
			remoteGlobalIDString = 416EA0982D24596D0012F377;
			remoteInfo = ArcaneCharacters;
		};
/* End PBXContainerItemProxy section */

/* Begin PBXFileReference section */
		416EA0992D24596D0012F377 /* ArcaneCharacters.app */ = {isa = PBXFileReference; explicitFileType = wrapper.application; includeInIndex = 0; path = ArcaneCharacters.app; sourceTree = BUILT_PRODUCTS_DIR; };
		416EA0AF2D24596F0012F377 /* ArcaneCharactersTests.xctest */ = {isa = PBXFileReference; explicitFileType = wrapper.cfbundle; includeInIndex = 0; path = ArcaneCharactersTests.xctest; sourceTree = BUILT_PRODUCTS_DIR; };
		416EA0B92D24596F0012F377 /* ArcaneCharactersUITests.xctest */ = {isa = PBXFileReference; explicitFileType = wrapper.cfbundle; includeInIndex = 0; path = ArcaneCharactersUITests.xctest; sourceTree = BUILT_PRODUCTS_DIR; };
/* End PBXFileReference section */

/* Begin PBXFileSystemSynchronizedBuildFileExceptionSet section */
		416EA0C12D24596F0012F377 /* Exceptions for "ArcaneCharacters" folder in "ArcaneCharacters" target */ = {
			isa = PBXFileSystemSynchronizedBuildFileExceptionSet;
			membershipExceptions = (
				Info.plist,
			);
			target = 416EA0982D24596D0012F377 /* ArcaneCharacters */;
		};
/* End PBXFileSystemSynchronizedBuildFileExceptionSet section */

/* Begin PBXFileSystemSynchronizedRootGroup section */
		416EA09B2D24596D0012F377 /* ArcaneCharacters */ = {
			isa = PBXFileSystemSynchronizedRootGroup;
			exceptions = (
				416EA0C12D24596F0012F377 /* Exceptions for "ArcaneCharacters" folder in "ArcaneCharacters" target */,
			);
			path = ArcaneCharacters;
			sourceTree = "<group>";
		};
		416EA0B22D24596F0012F377 /* ArcaneCharactersTests */ = {
			isa = PBXFileSystemSynchronizedRootGroup;
			path = ArcaneCharactersTests;
			sourceTree = "<group>";
		};
		416EA0BC2D24596F0012F377 /* ArcaneCharactersUITests */ = {
			isa = PBXFileSystemSynchronizedRootGroup;
			path = ArcaneCharactersUITests;
			sourceTree = "<group>";
		};
/* End PBXFileSystemSynchronizedRootGroup section */

/* Begin PBXFrameworksBuildPhase section */
		416EA0962D24596D0012F377 /* Frameworks */ = {
			isa = PBXFrameworksBuildPhase;
			buildActionMask = 2147483647;
			files = (
			);
			runOnlyForDeploymentPostprocessing = 0;
		};
		416EA0AC2D24596F0012F377 /* Frameworks */ = {
			isa = PBXFrameworksBuildPhase;
			buildActionMask = 2147483647;
			files = (
			);
			runOnlyForDeploymentPostprocessing = 0;
		};
		416EA0B62D24596F0012F377 /* Frameworks */ = {
			isa = PBXFrameworksBuildPhase;
			buildActionMask = 2147483647;
			files = (
			);
			runOnlyForDeploymentPostprocessing = 0;
		};
/* End PBXFrameworksBuildPhase section */

/* Begin PBXGroup section */
		416EA0902D24596D0012F377 = {
			isa = PBXGroup;
			children = (
				416EA09B2D24596D0012F377 /* ArcaneCharacters */,
				416EA0B22D24596F0012F377 /* ArcaneCharactersTests */,
				416EA0BC2D24596F0012F377 /* ArcaneCharactersUITests */,
				416EA09A2D24596D0012F377 /* Products */,
			);
			sourceTree = "<group>";
		};
		416EA09A2D24596D0012F377 /* Products */ = {
			isa = PBXGroup;
			children = (
				416EA0992D24596D0012F377 /* ArcaneCharacters.app */,
				416EA0AF2D24596F0012F377 /* ArcaneCharactersTests.xctest */,
				416EA0B92D24596F0012F377 /* ArcaneCharactersUITests.xctest */,
			);
			name = Products;
			sourceTree = "<group>";
		};
/* End PBXGroup section */

/* Begin PBXNativeTarget section */
		416EA0982D24596D0012F377 /* ArcaneCharacters */ = {
			isa = PBXNativeTarget;
			buildConfigurationList = 416EA0C22D24596F0012F377 /* Build configuration list for PBXNativeTarget "ArcaneCharacters" */;
			buildPhases = (
				416EA0952D24596D0012F377 /* Sources */,
				416EA0962D24596D0012F377 /* Frameworks */,
				416EA0972D24596D0012F377 /* Resources */,
			);
			buildRules = (
			);
			dependencies = (
			);
			fileSystemSynchronizedGroups = (
				416EA09B2D24596D0012F377 /* ArcaneCharacters */,
			);
			name = ArcaneCharacters;
			packageProductDependencies = (
			);
			productName = ArcaneCharacters;
			productReference = 416EA0992D24596D0012F377 /* ArcaneCharacters.app */;
			productType = "com.apple.product-type.application";
		};
		416EA0AE2D24596F0012F377 /* ArcaneCharactersTests */ = {
			isa = PBXNativeTarget;
			buildConfigurationList = 416EA0C72D24596F0012F377 /* Build configuration list for PBXNativeTarget "ArcaneCharactersTests" */;
			buildPhases = (
				416EA0AB2D24596F0012F377 /* Sources */,
				416EA0AC2D24596F0012F377 /* Frameworks */,
				416EA0AD2D24596F0012F377 /* Resources */,
			);
			buildRules = (
			);
			dependencies = (
				416EA0B12D24596F0012F377 /* PBXTargetDependency */,
			);
			fileSystemSynchronizedGroups = (
				416EA0B22D24596F0012F377 /* ArcaneCharactersTests */,
			);
			name = ArcaneCharactersTests;
			packageProductDependencies = (
			);
			productName = ArcaneCharactersTests;
			productReference = 416EA0AF2D24596F0012F377 /* ArcaneCharactersTests.xctest */;
			productType = "com.apple.product-type.bundle.unit-test";
		};
		416EA0B82D24596F0012F377 /* ArcaneCharactersUITests */ = {
			isa = PBXNativeTarget;
			buildConfigurationList = 416EA0CA2D24596F0012F377 /* Build configuration list for PBXNativeTarget "ArcaneCharactersUITests" */;
			buildPhases = (
				416EA0B52D24596F0012F377 /* Sources */,
				416EA0B62D24596F0012F377 /* Frameworks */,
				416EA0B72D24596F0012F377 /* Resources */,
			);
			buildRules = (
			);
			dependencies = (
				416EA0BB2D24596F0012F377 /* PBXTargetDependency */,
			);
			fileSystemSynchronizedGroups = (
				416EA0BC2D24596F0012F377 /* ArcaneCharactersUITests */,
			);
			name = ArcaneCharactersUITests;
			packageProductDependencies = (
			);
			productName = ArcaneCharactersUITests;
			productReference = 416EA0B92D24596F0012F377 /* ArcaneCharactersUITests.xctest */;
			productType = "com.apple.product-type.bundle.ui-testing";
		};
/* End PBXNativeTarget section */

/* Begin PBXProject section */
		416EA0912D24596D0012F377 /* Project object */ = {
			isa = PBXProject;
			attributes = {
				BuildIndependentTargetsInParallel = 1;
				LastSwiftUpdateCheck = 1620;
				LastUpgradeCheck = 1620;
				TargetAttributes = {
					416EA0982D24596D0012F377 = {
						CreatedOnToolsVersion = 16.2;
					};
					416EA0AE2D24596F0012F377 = {
						CreatedOnToolsVersion = 16.2;
						TestTargetID = 416EA0982D24596D0012F377;
					};
					416EA0B82D24596F0012F377 = {
						CreatedOnToolsVersion = 16.2;
						TestTargetID = 416EA0982D24596D0012F377;
					};
				};
			};
			buildConfigurationList = 416EA0942D24596D0012F377 /* Build configuration list for PBXProject "ArcaneCharacters" */;
			developmentRegion = en;
			hasScannedForEncodings = 0;
			knownRegions = (
				en,
				Base,
			);
			mainGroup = 416EA0902D24596D0012F377;
			minimizedProjectReferenceProxies = 1;
			preferredProjectObjectVersion = 77;
			productRefGroup = 416EA09A2D24596D0012F377 /* Products */;
			projectDirPath = "";
			projectRoot = "";
			targets = (
				416EA0982D24596D0012F377 /* ArcaneCharacters */,
				416EA0AE2D24596F0012F377 /* ArcaneCharactersTests */,
				416EA0B82D24596F0012F377 /* ArcaneCharactersUITests */,
			);
		};
/* End PBXProject section */

/* Begin PBXResourcesBuildPhase section */
		416EA0972D24596D0012F377 /* Resources */ = {
			isa = PBXResourcesBuildPhase;
			buildActionMask = 2147483647;
			files = (
			);
			runOnlyForDeploymentPostprocessing = 0;
		};
		416EA0AD2D24596F0012F377 /* Resources */ = {
			isa = PBXResourcesBuildPhase;
			buildActionMask = 2147483647;
			files = (
			);
			runOnlyForDeploymentPostprocessing = 0;
		};
		416EA0B72D24596F0012F377 /* Resources */ = {
			isa = PBXResourcesBuildPhase;
			buildActionMask = 2147483647;
			files = (
			);
			runOnlyForDeploymentPostprocessing = 0;
		};
/* End PBXResourcesBuildPhase section */

/* Begin PBXSourcesBuildPhase section */
		416EA0952D24596D0012F377 /* Sources */ = {
			isa = PBXSourcesBuildPhase;
			buildActionMask = 2147483647;
			files = (
			);
			runOnlyForDeploymentPostprocessing = 0;
		};
		416EA0AB2D24596F0012F377 /* Sources */ = {
			isa = PBXSourcesBuildPhase;
			buildActionMask = 2147483647;
			files = (
			);
			runOnlyForDeploymentPostprocessing = 0;
		};
		416EA0B52D24596F0012F377 /* Sources */ = {
			isa = PBXSourcesBuildPhase;
			buildActionMask = 2147483647;
			files = (
			);
			runOnlyForDeploymentPostprocessing = 0;
		};
/* End PBXSourcesBuildPhase section */

/* Begin PBXTargetDependency section */
		416EA0B12D24596F0012F377 /* PBXTargetDependency */ = {
			isa = PBXTargetDependency;
			target = 416EA0982D24596D0012F377 /* ArcaneCharacters */;
			targetProxy = 416EA0B02D24596F0012F377 /* PBXContainerItemProxy */;
		};
		416EA0BB2D24596F0012F377 /* PBXTargetDependency */ = {
			isa = PBXTargetDependency;
			target = 416EA0982D24596D0012F377 /* ArcaneCharacters */;
			targetProxy = 416EA0BA2D24596F0012F377 /* PBXContainerItemProxy */;
		};
/* End PBXTargetDependency section */

/* Begin XCBuildConfiguration section */
		416EA0C32D24596F0012F377 /* Debug */ = {
			isa = XCBuildConfiguration;
			buildSettings = {
				ASSETCATALOG_COMPILER_APPICON_NAME = AppIcon;
				ASSETCATALOG_COMPILER_GLOBAL_ACCENT_COLOR_NAME = AccentColor;
				CODE_SIGN_STYLE = Automatic;
				CURRENT_PROJECT_VERSION = 1;
				DEVELOPMENT_TEAM = 48V3RZAWX8;
				GENERATE_INFOPLIST_FILE = YES;
				INFOPLIST_FILE = ArcaneCharacters/Info.plist;
				INFOPLIST_KEY_UIApplicationSupportsIndirectInputEvents = YES;
				INFOPLIST_KEY_UILaunchStoryboardName = LaunchScreen;
				INFOPLIST_KEY_UIMainStoryboardFile = Main;
				INFOPLIST_KEY_UISupportedInterfaceOrientations_iPad = "UIInterfaceOrientationPortrait UIInterfaceOrientationPortraitUpsideDown UIInterfaceOrientationLandscapeLeft UIInterfaceOrientationLandscapeRight";
				INFOPLIST_KEY_UISupportedInterfaceOrientations_iPhone = "UIInterfaceOrientationPortrait UIInterfaceOrientationLandscapeLeft UIInterfaceOrientationLandscapeRight";
				LD_RUNPATH_SEARCH_PATHS = (
					"$(inherited)",
					"@executable_path/Frameworks",
				);
				MARKETING_VERSION = 1.0;
				PRODUCT_BUNDLE_IDENTIFIER = com.ArcaneCharacters;
				PRODUCT_NAME = "$(TARGET_NAME)";
				SWIFT_EMIT_LOC_STRINGS = YES;
				SWIFT_VERSION = 5.0;
				TARGETED_DEVICE_FAMILY = "1,2";
			};
			name = Debug;
		};
		416EA0C42D24596F0012F377 /* Release */ = {
			isa = XCBuildConfiguration;
			buildSettings = {
				ASSETCATALOG_COMPILER_APPICON_NAME = AppIcon;
				ASSETCATALOG_COMPILER_GLOBAL_ACCENT_COLOR_NAME = AccentColor;
				CODE_SIGN_STYLE = Automatic;
				CURRENT_PROJECT_VERSION = 1;
				DEVELOPMENT_TEAM = 48V3RZAWX8;
				GENERATE_INFOPLIST_FILE = YES;
				INFOPLIST_FILE = ArcaneCharacters/Info.plist;
				INFOPLIST_KEY_UIApplicationSupportsIndirectInputEvents = YES;
				INFOPLIST_KEY_UILaunchStoryboardName = LaunchScreen;
				INFOPLIST_KEY_UIMainStoryboardFile = Main;
				INFOPLIST_KEY_UISupportedInterfaceOrientations_iPad = "UIInterfaceOrientationPortrait UIInterfaceOrientationPortraitUpsideDown UIInterfaceOrientationLandscapeLeft UIInterfaceOrientationLandscapeRight";
				INFOPLIST_KEY_UISupportedInterfaceOrientations_iPhone = "UIInterfaceOrientationPortrait UIInterfaceOrientationLandscapeLeft UIInterfaceOrientationLandscapeRight";
				LD_RUNPATH_SEARCH_PATHS = (
					"$(inherited)",
					"@executable_path/Frameworks",
				);
				MARKETING_VERSION = 1.0;
				PRODUCT_BUNDLE_IDENTIFIER = com.ArcaneCharacters;
				PRODUCT_NAME = "$(TARGET_NAME)";
				SWIFT_EMIT_LOC_STRINGS = YES;
				SWIFT_VERSION = 5.0;
				TARGETED_DEVICE_FAMILY = "1,2";
			};
			name = Release;
		};
		416EA0C52D24596F0012F377 /* Debug */ = {
			isa = XCBuildConfiguration;
			buildSettings = {
				ALWAYS_SEARCH_USER_PATHS = NO;
				ASSETCATALOG_COMPILER_GENERATE_SWIFT_ASSET_SYMBOL_EXTENSIONS = YES;
				CLANG_ANALYZER_NONNULL = YES;
				CLANG_ANALYZER_NUMBER_OBJECT_CONVERSION = YES_AGGRESSIVE;
				CLANG_CXX_LANGUAGE_STANDARD = "gnu++20";
				CLANG_ENABLE_MODULES = YES;
				CLANG_ENABLE_OBJC_ARC = YES;
				CLANG_ENABLE_OBJC_WEAK = YES;
				CLANG_WARN_BLOCK_CAPTURE_AUTORELEASING = YES;
				CLANG_WARN_BOOL_CONVERSION = YES;
				CLANG_WARN_COMMA = YES;
				CLANG_WARN_CONSTANT_CONVERSION = YES;
				CLANG_WARN_DEPRECATED_OBJC_IMPLEMENTATIONS = YES;
				CLANG_WARN_DIRECT_OBJC_ISA_USAGE = YES_ERROR;
				CLANG_WARN_DOCUMENTATION_COMMENTS = YES;
				CLANG_WARN_EMPTY_BODY = YES;
				CLANG_WARN_ENUM_CONVERSION = YES;
				CLANG_WARN_INFINITE_RECURSION = YES;
				CLANG_WARN_INT_CONVERSION = YES;
				CLANG_WARN_NON_LITERAL_NULL_CONVERSION = YES;
				CLANG_WARN_OBJC_IMPLICIT_RETAIN_SELF = YES;
				CLANG_WARN_OBJC_LITERAL_CONVERSION = YES;
				CLANG_WARN_OBJC_ROOT_CLASS = YES_ERROR;
				CLANG_WARN_QUOTED_INCLUDE_IN_FRAMEWORK_HEADER = YES;
				CLANG_WARN_RANGE_LOOP_ANALYSIS = YES;
				CLANG_WARN_STRICT_PROTOTYPES = YES;
				CLANG_WARN_SUSPICIOUS_MOVE = YES;
				CLANG_WARN_UNGUARDED_AVAILABILITY = YES_AGGRESSIVE;
				CLANG_WARN_UNREACHABLE_CODE = YES;
				CLANG_WARN__DUPLICATE_METHOD_MATCH = YES;
				COPY_PHASE_STRIP = NO;
				DEBUG_INFORMATION_FORMAT = dwarf;
				ENABLE_STRICT_OBJC_MSGSEND = YES;
				ENABLE_TESTABILITY = YES;
				ENABLE_USER_SCRIPT_SANDBOXING = YES;
				GCC_C_LANGUAGE_STANDARD = gnu17;
				GCC_DYNAMIC_NO_PIC = NO;
				GCC_NO_COMMON_BLOCKS = YES;
				GCC_OPTIMIZATION_LEVEL = 0;
				GCC_PREPROCESSOR_DEFINITIONS = (
					"DEBUG=1",
					"$(inherited)",
				);
				GCC_WARN_64_TO_32_BIT_CONVERSION = YES;
				GCC_WARN_ABOUT_RETURN_TYPE = YES_ERROR;
				GCC_WARN_UNDECLARED_SELECTOR = YES;
				GCC_WARN_UNINITIALIZED_AUTOS = YES_AGGRESSIVE;
				GCC_WARN_UNUSED_FUNCTION = YES;
				GCC_WARN_UNUSED_VARIABLE = YES;
				IPHONEOS_DEPLOYMENT_TARGET = 18.2;
				LOCALIZATION_PREFERS_STRING_CATALOGS = YES;
				MTL_ENABLE_DEBUG_INFO = INCLUDE_SOURCE;
				MTL_FAST_MATH = YES;
				ONLY_ACTIVE_ARCH = YES;
				SDKROOT = iphoneos;
				SWIFT_ACTIVE_COMPILATION_CONDITIONS = "DEBUG $(inherited)";
				SWIFT_OPTIMIZATION_LEVEL = "-Onone";
			};
			name = Debug;
		};
		416EA0C62D24596F0012F377 /* Release */ = {
			isa = XCBuildConfiguration;
			buildSettings = {
				ALWAYS_SEARCH_USER_PATHS = NO;
				ASSETCATALOG_COMPILER_GENERATE_SWIFT_ASSET_SYMBOL_EXTENSIONS = YES;
				CLANG_ANALYZER_NONNULL = YES;
				CLANG_ANALYZER_NUMBER_OBJECT_CONVERSION = YES_AGGRESSIVE;
				CLANG_CXX_LANGUAGE_STANDARD = "gnu++20";
				CLANG_ENABLE_MODULES = YES;
				CLANG_ENABLE_OBJC_ARC = YES;
				CLANG_ENABLE_OBJC_WEAK = YES;
				CLANG_WARN_BLOCK_CAPTURE_AUTORELEASING = YES;
				CLANG_WARN_BOOL_CONVERSION = YES;
				CLANG_WARN_COMMA = YES;
				CLANG_WARN_CONSTANT_CONVERSION = YES;
				CLANG_WARN_DEPRECATED_OBJC_IMPLEMENTATIONS = YES;
				CLANG_WARN_DIRECT_OBJC_ISA_USAGE = YES_ERROR;
				CLANG_WARN_DOCUMENTATION_COMMENTS = YES;
				CLANG_WARN_EMPTY_BODY = YES;
				CLANG_WARN_ENUM_CONVERSION = YES;
				CLANG_WARN_INFINITE_RECURSION = YES;
				CLANG_WARN_INT_CONVERSION = YES;
				CLANG_WARN_NON_LITERAL_NULL_CONVERSION = YES;
				CLANG_WARN_OBJC_IMPLICIT_RETAIN_SELF = YES;
				CLANG_WARN_OBJC_LITERAL_CONVERSION = YES;
				CLANG_WARN_OBJC_ROOT_CLASS = YES_ERROR;
				CLANG_WARN_QUOTED_INCLUDE_IN_FRAMEWORK_HEADER = YES;
				CLANG_WARN_RANGE_LOOP_ANALYSIS = YES;
				CLANG_WARN_STRICT_PROTOTYPES = YES;
				CLANG_WARN_SUSPICIOUS_MOVE = YES;
				CLANG_WARN_UNGUARDED_AVAILABILITY = YES_AGGRESSIVE;
				CLANG_WARN_UNREACHABLE_CODE = YES;
				CLANG_WARN__DUPLICATE_METHOD_MATCH = YES;
				COPY_PHASE_STRIP = NO;
				DEBUG_INFORMATION_FORMAT = "dwarf-with-dsym";
				ENABLE_NS_ASSERTIONS = NO;
				ENABLE_STRICT_OBJC_MSGSEND = YES;
				ENABLE_USER_SCRIPT_SANDBOXING = YES;
				GCC_C_LANGUAGE_STANDARD = gnu17;
				GCC_NO_COMMON_BLOCKS = YES;
				GCC_WARN_64_TO_32_BIT_CONVERSION = YES;
				GCC_WARN_ABOUT_RETURN_TYPE = YES_ERROR;
				GCC_WARN_UNDECLARED_SELECTOR = YES;
				GCC_WARN_UNINITIALIZED_AUTOS = YES_AGGRESSIVE;
				GCC_WARN_UNUSED_FUNCTION = YES;
				GCC_WARN_UNUSED_VARIABLE = YES;
				IPHONEOS_DEPLOYMENT_TARGET = 18.2;
				LOCALIZATION_PREFERS_STRING_CATALOGS = YES;
				MTL_ENABLE_DEBUG_INFO = NO;
				MTL_FAST_MATH = YES;
				SDKROOT = iphoneos;
				SWIFT_COMPILATION_MODE = wholemodule;
				VALIDATE_PRODUCT = YES;
			};
			name = Release;
		};
		416EA0C82D24596F0012F377 /* Debug */ = {
			isa = XCBuildConfiguration;
			buildSettings = {
				BUNDLE_LOADER = "$(TEST_HOST)";
				CODE_SIGN_STYLE = Automatic;
				CURRENT_PROJECT_VERSION = 1;
				DEVELOPMENT_TEAM = 48V3RZAWX8;
				GENERATE_INFOPLIST_FILE = YES;
				IPHONEOS_DEPLOYMENT_TARGET = 18.2;
				MARKETING_VERSION = 1.0;
				PRODUCT_BUNDLE_IDENTIFIER = com.ArcaneCharactersTests;
				PRODUCT_NAME = "$(TARGET_NAME)";
				SWIFT_EMIT_LOC_STRINGS = NO;
				SWIFT_VERSION = 5.0;
				TARGETED_DEVICE_FAMILY = "1,2";
				TEST_HOST = "$(BUILT_PRODUCTS_DIR)/ArcaneCharacters.app/$(BUNDLE_EXECUTABLE_FOLDER_PATH)/ArcaneCharacters";
			};
			name = Debug;
		};
		416EA0C92D24596F0012F377 /* Release */ = {
			isa = XCBuildConfiguration;
			buildSettings = {
				BUNDLE_LOADER = "$(TEST_HOST)";
				CODE_SIGN_STYLE = Automatic;
				CURRENT_PROJECT_VERSION = 1;
				DEVELOPMENT_TEAM = 48V3RZAWX8;
				GENERATE_INFOPLIST_FILE = YES;
				IPHONEOS_DEPLOYMENT_TARGET = 18.2;
				MARKETING_VERSION = 1.0;
				PRODUCT_BUNDLE_IDENTIFIER = com.ArcaneCharactersTests;
				PRODUCT_NAME = "$(TARGET_NAME)";
				SWIFT_EMIT_LOC_STRINGS = NO;
				SWIFT_VERSION = 5.0;
				TARGETED_DEVICE_FAMILY = "1,2";
				TEST_HOST = "$(BUILT_PRODUCTS_DIR)/ArcaneCharacters.app/$(BUNDLE_EXECUTABLE_FOLDER_PATH)/ArcaneCharacters";
			};
			name = Release;
		};
		416EA0CB2D24596F0012F377 /* Debug */ = {
			isa = XCBuildConfiguration;
			buildSettings = {
				CODE_SIGN_STYLE = Automatic;
				CURRENT_PROJECT_VERSION = 1;
				DEVELOPMENT_TEAM = 48V3RZAWX8;
				GENERATE_INFOPLIST_FILE = YES;
				MARKETING_VERSION = 1.0;
				PRODUCT_BUNDLE_IDENTIFIER = com.ArcaneCharactersUITests;
				PRODUCT_NAME = "$(TARGET_NAME)";
				SWIFT_EMIT_LOC_STRINGS = NO;
				SWIFT_VERSION = 5.0;
				TARGETED_DEVICE_FAMILY = "1,2";
				TEST_TARGET_NAME = ArcaneCharacters;
			};
			name = Debug;
		};
		416EA0CC2D24596F0012F377 /* Release */ = {
			isa = XCBuildConfiguration;
			buildSettings = {
				CODE_SIGN_STYLE = Automatic;
				CURRENT_PROJECT_VERSION = 1;
				DEVELOPMENT_TEAM = 48V3RZAWX8;
				GENERATE_INFOPLIST_FILE = YES;
				MARKETING_VERSION = 1.0;
				PRODUCT_BUNDLE_IDENTIFIER = com.ArcaneCharactersUITests;
				PRODUCT_NAME = "$(TARGET_NAME)";
				SWIFT_EMIT_LOC_STRINGS = NO;
				SWIFT_VERSION = 5.0;
				TARGETED_DEVICE_FAMILY = "1,2";
				TEST_TARGET_NAME = ArcaneCharacters;
			};
			name = Release;
		};
/* End XCBuildConfiguration section */

/* Begin XCConfigurationList section */
		416EA0942D24596D0012F377 /* Build configuration list for PBXProject "ArcaneCharacters" */ = {
			isa = XCConfigurationList;
			buildConfigurations = (
				416EA0C52D24596F0012F377 /* Debug */,
				416EA0C62D24596F0012F377 /* Release */,
			);
			defaultConfigurationIsVisible = 0;
			defaultConfigurationName = Release;
		};
		416EA0C22D24596F0012F377 /* Build configuration list for PBXNativeTarget "ArcaneCharacters" */ = {
			isa = XCConfigurationList;
			buildConfigurations = (
				416EA0C32D24596F0012F377 /* Debug */,
				416EA0C42D24596F0012F377 /* Release */,
			);
			defaultConfigurationIsVisible = 0;
			defaultConfigurationName = Release;
		};
		416EA0C72D24596F0012F377 /* Build configuration list for PBXNativeTarget "ArcaneCharactersTests" */ = {
			isa = XCConfigurationList;
			buildConfigurations = (
				416EA0C82D24596F0012F377 /* Debug */,
				416EA0C92D24596F0012F377 /* Release */,
			);
			defaultConfigurationIsVisible = 0;
			defaultConfigurationName = Release;
		};
		416EA0CA2D24596F0012F377 /* Build configuration list for PBXNativeTarget "ArcaneCharactersUITests" */ = {
			isa = XCConfigurationList;
			buildConfigurations = (
				416EA0CB2D24596F0012F377 /* Debug */,
				416EA0CC2D24596F0012F377 /* Release */,
			);
			defaultConfigurationIsVisible = 0;
			defaultConfigurationName = Release;
		};
/* End XCConfigurationList section */
	};
	rootObject = 416EA0912D24596D0012F377 /* Project object */;
}
